
Microsoft Visual Studio Solution File, Format Version 12.00
# Visual Studio Version 17
VisualStudioVersion = 17.8.34309.116
MinimumVisualStudioVersion = 10.0.40219.1
Project("{9A19103F-16F7-4668-BE54-9A1E7A4F7556}") = "Ibasho", "Ibasho\Ibasho.csproj", "{1A8F5212-26F5-42FD-9AED-C755FA4A0B7B}"
EndProject
Global
	GlobalSection(SolutionConfigurationPlatforms) = preSolution
		Debug|Any CPU = Debug|Any CPU
		Release|Any CPU = Release|Any CPU
	EndGlobalSection
	GlobalSection(ProjectConfigurationPlatforms) = postSolution
		{1A8F5212-26F5-42FD-9AED-C755FA4A0B7B}.Debug|Any CPU.ActiveCfg = Debug|Any CPU
		{1A8F5212-26F5-42FD-9AED-C755FA4A0B7B}.Debug|Any CPU.Build.0 = Debug|Any CPU
		{1A8F5212-26F5-42FD-9AED-C755FA4A0B7B}.Release|Any CPU.ActiveCfg = Release|Any CPU
		{1A8F5212-26F5-42FD-9AED-C755FA4A0B7B}.Release|Any CPU.Build.0 = Release|Any CPU
	EndGlobalSection
	GlobalSection(SolutionProperties) = preSolution
		HideSolutionNode = FALSE
	EndGlobalSection
	GlobalSection(ExtensibilityGlobals) = postSolution
		SolutionGuid = {AFA863BD-C8BE-48B7-AE49-0E24A06F3232}
	EndGlobalSection
EndGlobal
